// !$*UTF8*$!
{
	archiveVersion = 1;
	classes = {
	};
	objectVersion = 46;
	objects = {

/* Begin PBXBuildFile section */
		6823B4631692A9B5001009BC /* Foundation.framework in Frameworks */ = {isa = PBXBuildFile; fileRef = 6823B4621692A9B5001009BC /* Foundation.framework */; };
		68812DF9169353E20078BA60 /* FSFileSystem.m in Sources */ = {isa = PBXBuildFile; fileRef = 68812DF6169353E20078BA60 /* FSFileSystem.m */; };
		68812DFA169353E20078BA60 /* FSPath.m in Sources */ = {isa = PBXBuildFile; fileRef = 68812DF8169353E20078BA60 /* FSPath.m */; };
		68812E0C169353F10078BA60 /* FSDropboxFileSystem.m in Sources */ = {isa = PBXBuildFile; fileRef = 68812DFE169353F10078BA60 /* FSDropboxFileSystem.m */; };
		68812E0D169353F10078BA60 /* FSDropboxPath.m in Sources */ = {isa = PBXBuildFile; fileRef = 68812E00169353F10078BA60 /* FSDropboxPath.m */; };
		68812E0E169353F10078BA60 /* FSGoogleDriveFileSystem.m in Sources */ = {isa = PBXBuildFile; fileRef = 68812E03169353F10078BA60 /* FSGoogleDriveFileSystem.m */; };
		68812E0F169353F10078BA60 /* FSLocalFileSystem.m in Sources */ = {isa = PBXBuildFile; fileRef = 68812E06169353F10078BA60 /* FSLocalFileSystem.m */; };
		68812E10169353F10078BA60 /* FSLocalPath.m in Sources */ = {isa = PBXBuildFile; fileRef = 68812E08169353F10078BA60 /* FSLocalPath.m */; };
		68812E11169353F10078BA60 /* FSSkyDriveFileSystem.m in Sources */ = {isa = PBXBuildFile; fileRef = 68812E0B169353F10078BA60 /* FSSkyDriveFileSystem.m */; };
		68812E16169354680078BA60 /* DropboxSDK.framework in Frameworks */ = {isa = PBXBuildFile; fileRef = 68812E15169354680078BA60 /* DropboxSDK.framework */; };
		68812E18169354750078BA60 /* QuartzCore.framework in Frameworks */ = {isa = PBXBuildFile; fileRef = 68812E17169354750078BA60 /* QuartzCore.framework */; };
		68812E1A1693547A0078BA60 /* Security.framework in Frameworks */ = {isa = PBXBuildFile; fileRef = 68812E191693547A0078BA60 /* Security.framework */; };
		68812E1D169354D70078BA60 /* UIKit.framework in Frameworks */ = {isa = PBXBuildFile; fileRef = 68812E1B169354C80078BA60 /* UIKit.framework */; };
		68812E24169357320078BA60 /* FSFileSystemSDK.h in Headers */ = {isa = PBXBuildFile; fileRef = 68812E1E169355C40078BA60 /* FSFileSystemSDK.h */; settings = {ATTRIBUTES = (Public, ); }; };
		68812E25169357320078BA60 /* FSFileSystem.h in Headers */ = {isa = PBXBuildFile; fileRef = 68812DF5169353E20078BA60 /* FSFileSystem.h */; settings = {ATTRIBUTES = (); }; };
		68812E26169357320078BA60 /* FSPath.h in Headers */ = {isa = PBXBuildFile; fileRef = 68812DF7169353E20078BA60 /* FSPath.h */; settings = {ATTRIBUTES = (); }; };
		68812E27169357430078BA60 /* FSDropboxFileSystem.h in Headers */ = {isa = PBXBuildFile; fileRef = 68812DFD169353F10078BA60 /* FSDropboxFileSystem.h */; settings = {ATTRIBUTES = (); }; };
		68812E28169357430078BA60 /* FSDropboxPath.h in Headers */ = {isa = PBXBuildFile; fileRef = 68812DFF169353F10078BA60 /* FSDropboxPath.h */; settings = {ATTRIBUTES = (); }; };
		68812E29169357430078BA60 /* FSGoogleDriveFileSystem.h in Headers */ = {isa = PBXBuildFile; fileRef = 68812E02169353F10078BA60 /* FSGoogleDriveFileSystem.h */; settings = {ATTRIBUTES = (); }; };
		68812E2A169357430078BA60 /* FSLocalFileSystem.h in Headers */ = {isa = PBXBuildFile; fileRef = 68812E05169353F10078BA60 /* FSLocalFileSystem.h */; settings = {ATTRIBUTES = (); }; };
		68812E2B169357430078BA60 /* FSLocalPath.h in Headers */ = {isa = PBXBuildFile; fileRef = 68812E07169353F10078BA60 /* FSLocalPath.h */; settings = {ATTRIBUTES = (); }; };
		68812E2C169357430078BA60 /* FSSkyDriveFileSystem.h in Headers */ = {isa = PBXBuildFile; fileRef = 68812E0A169353F10078BA60 /* FSSkyDriveFileSystem.h */; settings = {ATTRIBUTES = (); }; };
		68990088169398EC00EBA870 /* FSDropboxClient.h in Headers */ = {isa = PBXBuildFile; fileRef = 68990086169398EC00EBA870 /* FSDropboxClient.h */; };
		68990089169398EC00EBA870 /* FSDropboxClient.m in Sources */ = {isa = PBXBuildFile; fileRef = 68990087169398EC00EBA870 /* FSDropboxClient.m */; };
		6899017716939CD200EBA870 /* JsonParser.h in Headers */ = {isa = PBXBuildFile; fileRef = 6899013D16939CD200EBA870 /* JsonParser.h */; };
		6899017816939CD200EBA870 /* JsonParser.m in Sources */ = {isa = PBXBuildFile; fileRef = 6899013E16939CD200EBA870 /* JsonParser.m */; };
		6899017916939CD200EBA870 /* JsonWriter.h in Headers */ = {isa = PBXBuildFile; fileRef = 6899013F16939CD200EBA870 /* JsonWriter.h */; };
		6899017A16939CD200EBA870 /* JsonWriter.m in Sources */ = {isa = PBXBuildFile; fileRef = 6899014016939CD200EBA870 /* JsonWriter.m */; };
		6899017B16939CD200EBA870 /* LiveApiHelper.h in Headers */ = {isa = PBXBuildFile; fileRef = 6899014116939CD200EBA870 /* LiveApiHelper.h */; };
		6899017C16939CD200EBA870 /* LiveApiHelper.m in Sources */ = {isa = PBXBuildFile; fileRef = 6899014216939CD200EBA870 /* LiveApiHelper.m */; };
		6899017D16939CD200EBA870 /* LiveAuthHelper.h in Headers */ = {isa = PBXBuildFile; fileRef = 6899014316939CD200EBA870 /* LiveAuthHelper.h */; };
		6899017E16939CD200EBA870 /* LiveAuthHelper.m in Sources */ = {isa = PBXBuildFile; fileRef = 6899014416939CD200EBA870 /* LiveAuthHelper.m */; };
		6899017F16939CD200EBA870 /* LiveConnectionCreatorDelegate.h in Headers */ = {isa = PBXBuildFile; fileRef = 6899014516939CD200EBA870 /* LiveConnectionCreatorDelegate.h */; };
		6899018016939CD200EBA870 /* LiveConnectionHelper.h in Headers */ = {isa = PBXBuildFile; fileRef = 6899014616939CD200EBA870 /* LiveConnectionHelper.h */; };
		6899018116939CD200EBA870 /* LiveConnectionHelper.m in Sources */ = {isa = PBXBuildFile; fileRef = 6899014716939CD200EBA870 /* LiveConnectionHelper.m */; };
		6899018216939CD200EBA870 /* StreamReader.h in Headers */ = {isa = PBXBuildFile; fileRef = 6899014816939CD200EBA870 /* StreamReader.h */; };
		6899018316939CD200EBA870 /* StreamReader.m in Sources */ = {isa = PBXBuildFile; fileRef = 6899014916939CD200EBA870 /* StreamReader.m */; };
		6899018416939CD200EBA870 /* StringHelper.h in Headers */ = {isa = PBXBuildFile; fileRef = 6899014A16939CD200EBA870 /* StringHelper.h */; };
		6899018516939CD200EBA870 /* StringHelper.m in Sources */ = {isa = PBXBuildFile; fileRef = 6899014B16939CD200EBA870 /* StringHelper.m */; };
		6899018616939CD200EBA870 /* UrlHelper.h in Headers */ = {isa = PBXBuildFile; fileRef = 6899014C16939CD200EBA870 /* UrlHelper.h */; };
		6899018716939CD200EBA870 /* UrlHelper.m in Sources */ = {isa = PBXBuildFile; fileRef = 6899014D16939CD200EBA870 /* UrlHelper.m */; };
		6899018816939CD200EBA870 /* LiveAuthDialog.h in Headers */ = {isa = PBXBuildFile; fileRef = 6899014E16939CD200EBA870 /* LiveAuthDialog.h */; };
		6899018916939CD200EBA870 /* LiveAuthDialog.m in Sources */ = {isa = PBXBuildFile; fileRef = 6899014F16939CD200EBA870 /* LiveAuthDialog.m */; };
		6899018A16939CD200EBA870 /* LiveAuthDialogDelegate.h in Headers */ = {isa = PBXBuildFile; fileRef = 6899015216939CD200EBA870 /* LiveAuthDialogDelegate.h */; };
		6899018B16939CD200EBA870 /* LiveAuthRefreshRequest.h in Headers */ = {isa = PBXBuildFile; fileRef = 6899015316939CD200EBA870 /* LiveAuthRefreshRequest.h */; };
		6899018C16939CD200EBA870 /* LiveAuthRefreshRequest.m in Sources */ = {isa = PBXBuildFile; fileRef = 6899015416939CD200EBA870 /* LiveAuthRefreshRequest.m */; };
		6899018D16939CD200EBA870 /* LiveAuthRequest.h in Headers */ = {isa = PBXBuildFile; fileRef = 6899015516939CD200EBA870 /* LiveAuthRequest.h */; };
		6899018E16939CD200EBA870 /* LiveAuthRequest.m in Sources */ = {isa = PBXBuildFile; fileRef = 6899015616939CD200EBA870 /* LiveAuthRequest.m */; };
		6899018F16939CD200EBA870 /* LiveAuthStorage.h in Headers */ = {isa = PBXBuildFile; fileRef = 6899015716939CD200EBA870 /* LiveAuthStorage.h */; };
		6899019016939CD200EBA870 /* LiveAuthStorage.m in Sources */ = {isa = PBXBuildFile; fileRef = 6899015816939CD200EBA870 /* LiveAuthStorage.m */; };
		6899019116939CD200EBA870 /* LiveConnectClientCore.h in Headers */ = {isa = PBXBuildFile; fileRef = 6899015916939CD200EBA870 /* LiveConnectClientCore.h */; };
		6899019216939CD200EBA870 /* LiveConnectClientCore.m in Sources */ = {isa = PBXBuildFile; fileRef = 6899015A16939CD200EBA870 /* LiveConnectClientCore.m */; };
		6899019316939CD200EBA870 /* LiveConstants.h in Headers */ = {isa = PBXBuildFile; fileRef = 6899015B16939CD200EBA870 /* LiveConstants.h */; };
		6899019416939CD200EBA870 /* LiveDownloadOperationCore.h in Headers */ = {isa = PBXBuildFile; fileRef = 6899015C16939CD200EBA870 /* LiveDownloadOperationCore.h */; };
		6899019516939CD200EBA870 /* LiveDownloadOperationCore.m in Sources */ = {isa = PBXBuildFile; fileRef = 6899015D16939CD200EBA870 /* LiveDownloadOperationCore.m */; };
		6899019616939CD200EBA870 /* LiveDownloadOperationInternal.h in Headers */ = {isa = PBXBuildFile; fileRef = 6899015E16939CD200EBA870 /* LiveDownloadOperationInternal.h */; };
		6899019716939CD200EBA870 /* LiveOperationCore.h in Headers */ = {isa = PBXBuildFile; fileRef = 6899015F16939CD200EBA870 /* LiveOperationCore.h */; };
		6899019816939CD200EBA870 /* LiveOperationCore.m in Sources */ = {isa = PBXBuildFile; fileRef = 6899016016939CD200EBA870 /* LiveOperationCore.m */; };
		6899019916939CD200EBA870 /* LiveOperationInternal.h in Headers */ = {isa = PBXBuildFile; fileRef = 6899016116939CD200EBA870 /* LiveOperationInternal.h */; };
		6899019A16939CD200EBA870 /* LiveUploadOperationCore.h in Headers */ = {isa = PBXBuildFile; fileRef = 6899016216939CD200EBA870 /* LiveUploadOperationCore.h */; };
		6899019B16939CD200EBA870 /* LiveUploadOperationCore.m in Sources */ = {isa = PBXBuildFile; fileRef = 6899016316939CD200EBA870 /* LiveUploadOperationCore.m */; };
		6899019C16939CD200EBA870 /* LiveAuthDelegate.h in Headers */ = {isa = PBXBuildFile; fileRef = 6899016716939CD200EBA870 /* LiveAuthDelegate.h */; };
		6899019D16939CD200EBA870 /* LiveConnectClient.h in Headers */ = {isa = PBXBuildFile; fileRef = 6899016816939CD200EBA870 /* LiveConnectClient.h */; };
		6899019E16939CD200EBA870 /* LiveConnectClient.m in Sources */ = {isa = PBXBuildFile; fileRef = 6899016916939CD200EBA870 /* LiveConnectClient.m */; };
		6899019F16939CD200EBA870 /* LiveConnectSession.h in Headers */ = {isa = PBXBuildFile; fileRef = 6899016A16939CD200EBA870 /* LiveConnectSession.h */; };
		689901A016939CD200EBA870 /* LiveConnectSession.m in Sources */ = {isa = PBXBuildFile; fileRef = 6899016B16939CD200EBA870 /* LiveConnectSession.m */; };
		689901A116939CD200EBA870 /* LiveConnectSessionStatus.h in Headers */ = {isa = PBXBuildFile; fileRef = 6899016C16939CD200EBA870 /* LiveConnectSessionStatus.h */; };
		689901A216939CD200EBA870 /* LiveDownloadOperation.h in Headers */ = {isa = PBXBuildFile; fileRef = 6899016D16939CD200EBA870 /* LiveDownloadOperation.h */; };
		689901A316939CD200EBA870 /* LiveDownloadOperation.m in Sources */ = {isa = PBXBuildFile; fileRef = 6899016E16939CD200EBA870 /* LiveDownloadOperation.m */; };
		689901A416939CD200EBA870 /* LiveDownloadOperationDelegate.h in Headers */ = {isa = PBXBuildFile; fileRef = 6899016F16939CD200EBA870 /* LiveDownloadOperationDelegate.h */; };
		689901A516939CD200EBA870 /* LiveOperation.h in Headers */ = {isa = PBXBuildFile; fileRef = 6899017016939CD200EBA870 /* LiveOperation.h */; };
		689901A616939CD200EBA870 /* LiveOperation.m in Sources */ = {isa = PBXBuildFile; fileRef = 6899017116939CD200EBA870 /* LiveOperation.m */; };
		689901A716939CD200EBA870 /* LiveOperationDelegate.h in Headers */ = {isa = PBXBuildFile; fileRef = 6899017216939CD200EBA870 /* LiveOperationDelegate.h */; };
		689901A816939CD200EBA870 /* LiveOperationProgress.h in Headers */ = {isa = PBXBuildFile; fileRef = 6899017316939CD200EBA870 /* LiveOperationProgress.h */; };
		689901A916939CD200EBA870 /* LiveOperationProgress.m in Sources */ = {isa = PBXBuildFile; fileRef = 6899017416939CD200EBA870 /* LiveOperationProgress.m */; };
		689901AA16939CD200EBA870 /* LiveUploadOperationDelegate.h in Headers */ = {isa = PBXBuildFile; fileRef = 6899017516939CD200EBA870 /* LiveUploadOperationDelegate.h */; };
		689901AB16939CD200EBA870 /* LiveUploadOverwriteOption.h in Headers */ = {isa = PBXBuildFile; fileRef = 6899017616939CD200EBA870 /* LiveUploadOverwriteOption.h */; };
		689901AE1693A11200EBA870 /* FSSkyDrivePath.h in Headers */ = {isa = PBXBuildFile; fileRef = 689901AC1693A11200EBA870 /* FSSkyDrivePath.h */; };
		689901AF1693A11200EBA870 /* FSSkyDrivePath.m in Sources */ = {isa = PBXBuildFile; fileRef = 689901AD1693A11200EBA870 /* FSSkyDrivePath.m */; };
		689901B21693B14300EBA870 /* FSSkyDriveOperation.h in Headers */ = {isa = PBXBuildFile; fileRef = 689901B01693B14300EBA870 /* FSSkyDriveOperation.h */; };
		689901B31693B14300EBA870 /* FSSkyDriveOperation.m in Sources */ = {isa = PBXBuildFile; fileRef = 689901B11693B14300EBA870 /* FSSkyDriveOperation.m */; };
/* End PBXBuildFile section */

/* Begin PBXCopyFilesBuildPhase section */
		6823B45D1692A9B5001009BC /* CopyFiles */ = {
			isa = PBXCopyFilesBuildPhase;
			buildActionMask = 2147483647;
			dstPath = "include/${PRODUCT_NAME}";
			dstSubfolderSpec = 16;
			files = (
			);
			runOnlyForDeploymentPostprocessing = 0;
		};
/* End PBXCopyFilesBuildPhase section */

/* Begin PBXFileReference section */
		6823B45F1692A9B5001009BC /* libFSFileSystem.a */ = {isa = PBXFileReference; explicitFileType = archive.ar; includeInIndex = 0; path = libFSFileSystem.a; sourceTree = BUILT_PRODUCTS_DIR; };
		6823B4621692A9B5001009BC /* Foundation.framework */ = {isa = PBXFileReference; lastKnownFileType = wrapper.framework; name = Foundation.framework; path = System/Library/Frameworks/Foundation.framework; sourceTree = SDKROOT; };
		6823B4661692A9B5001009BC /* FSFileSystem-Prefix.pch */ = {isa = PBXFileReference; lastKnownFileType = sourcecode.c.h; path = "FSFileSystem-Prefix.pch"; sourceTree = "<group>"; };
		68812DF5169353E20078BA60 /* FSFileSystem.h */ = {isa = PBXFileReference; fileEncoding = 4; lastKnownFileType = sourcecode.c.h; path = FSFileSystem.h; sourceTree = "<group>"; };
		68812DF6169353E20078BA60 /* FSFileSystem.m */ = {isa = PBXFileReference; fileEncoding = 4; lastKnownFileType = sourcecode.c.objc; path = FSFileSystem.m; sourceTree = "<group>"; };
		68812DF7169353E20078BA60 /* FSPath.h */ = {isa = PBXFileReference; fileEncoding = 4; lastKnownFileType = sourcecode.c.h; path = FSPath.h; sourceTree = "<group>"; };
		68812DF8169353E20078BA60 /* FSPath.m */ = {isa = PBXFileReference; fileEncoding = 4; lastKnownFileType = sourcecode.c.objc; path = FSPath.m; sourceTree = "<group>"; };
		68812DFD169353F10078BA60 /* FSDropboxFileSystem.h */ = {isa = PBXFileReference; fileEncoding = 4; lastKnownFileType = sourcecode.c.h; path = FSDropboxFileSystem.h; sourceTree = "<group>"; };
		68812DFE169353F10078BA60 /* FSDropboxFileSystem.m */ = {isa = PBXFileReference; fileEncoding = 4; lastKnownFileType = sourcecode.c.objc; path = FSDropboxFileSystem.m; sourceTree = "<group>"; };
		68812DFF169353F10078BA60 /* FSDropboxPath.h */ = {isa = PBXFileReference; fileEncoding = 4; lastKnownFileType = sourcecode.c.h; path = FSDropboxPath.h; sourceTree = "<group>"; };
		68812E00169353F10078BA60 /* FSDropboxPath.m */ = {isa = PBXFileReference; fileEncoding = 4; lastKnownFileType = sourcecode.c.objc; path = FSDropboxPath.m; sourceTree = "<group>"; };
		68812E02169353F10078BA60 /* FSGoogleDriveFileSystem.h */ = {isa = PBXFileReference; fileEncoding = 4; lastKnownFileType = sourcecode.c.h; path = FSGoogleDriveFileSystem.h; sourceTree = "<group>"; };
		68812E03169353F10078BA60 /* FSGoogleDriveFileSystem.m */ = {isa = PBXFileReference; fileEncoding = 4; lastKnownFileType = sourcecode.c.objc; path = FSGoogleDriveFileSystem.m; sourceTree = "<group>"; };
		68812E05169353F10078BA60 /* FSLocalFileSystem.h */ = {isa = PBXFileReference; fileEncoding = 4; lastKnownFileType = sourcecode.c.h; path = FSLocalFileSystem.h; sourceTree = "<group>"; };
		68812E06169353F10078BA60 /* FSLocalFileSystem.m */ = {isa = PBXFileReference; fileEncoding = 4; lastKnownFileType = sourcecode.c.objc; path = FSLocalFileSystem.m; sourceTree = "<group>"; };
		68812E07169353F10078BA60 /* FSLocalPath.h */ = {isa = PBXFileReference; fileEncoding = 4; lastKnownFileType = sourcecode.c.h; path = FSLocalPath.h; sourceTree = "<group>"; };
		68812E08169353F10078BA60 /* FSLocalPath.m */ = {isa = PBXFileReference; fileEncoding = 4; lastKnownFileType = sourcecode.c.objc; path = FSLocalPath.m; sourceTree = "<group>"; };
		68812E0A169353F10078BA60 /* FSSkyDriveFileSystem.h */ = {isa = PBXFileReference; fileEncoding = 4; lastKnownFileType = sourcecode.c.h; path = FSSkyDriveFileSystem.h; sourceTree = "<group>"; };
		68812E0B169353F10078BA60 /* FSSkyDriveFileSystem.m */ = {isa = PBXFileReference; fileEncoding = 4; lastKnownFileType = sourcecode.c.objc; path = FSSkyDriveFileSystem.m; sourceTree = "<group>"; };
		68812E15169354680078BA60 /* DropboxSDK.framework */ = {isa = PBXFileReference; lastKnownFileType = wrapper.framework; path = DropboxSDK.framework; sourceTree = "<group>"; };
		68812E17169354750078BA60 /* QuartzCore.framework */ = {isa = PBXFileReference; lastKnownFileType = wrapper.framework; name = QuartzCore.framework; path = System/Library/Frameworks/QuartzCore.framework; sourceTree = SDKROOT; };
		68812E191693547A0078BA60 /* Security.framework */ = {isa = PBXFileReference; lastKnownFileType = wrapper.framework; name = Security.framework; path = System/Library/Frameworks/Security.framework; sourceTree = SDKROOT; };
		68812E1B169354C80078BA60 /* UIKit.framework */ = {isa = PBXFileReference; lastKnownFileType = wrapper.framework; name = UIKit.framework; path = System/Library/Frameworks/UIKit.framework; sourceTree = SDKROOT; };
		68812E1E169355C40078BA60 /* FSFileSystemSDK.h */ = {isa = PBXFileReference; fileEncoding = 4; lastKnownFileType = sourcecode.c.h; path = FSFileSystemSDK.h; sourceTree = "<group>"; };
		68990086169398EC00EBA870 /* FSDropboxClient.h */ = {isa = PBXFileReference; fileEncoding = 4; lastKnownFileType = sourcecode.c.h; path = FSDropboxClient.h; sourceTree = "<group>"; };
		68990087169398EC00EBA870 /* FSDropboxClient.m */ = {isa = PBXFileReference; fileEncoding = 4; lastKnownFileType = sourcecode.c.objc; path = FSDropboxClient.m; sourceTree = "<group>"; };
		6899013D16939CD200EBA870 /* JsonParser.h */ = {isa = PBXFileReference; fileEncoding = 4; lastKnownFileType = sourcecode.c.h; path = JsonParser.h; sourceTree = "<group>"; };
		6899013E16939CD200EBA870 /* JsonParser.m */ = {isa = PBXFileReference; fileEncoding = 4; lastKnownFileType = sourcecode.c.objc; path = JsonParser.m; sourceTree = "<group>"; };
		6899013F16939CD200EBA870 /* JsonWriter.h */ = {isa = PBXFileReference; fileEncoding = 4; lastKnownFileType = sourcecode.c.h; path = JsonWriter.h; sourceTree = "<group>"; };
		6899014016939CD200EBA870 /* JsonWriter.m */ = {isa = PBXFileReference; fileEncoding = 4; lastKnownFileType = sourcecode.c.objc; path = JsonWriter.m; sourceTree = "<group>"; };
		6899014116939CD200EBA870 /* LiveApiHelper.h */ = {isa = PBXFileReference; fileEncoding = 4; lastKnownFileType = sourcecode.c.h; path = LiveApiHelper.h; sourceTree = "<group>"; };
		6899014216939CD200EBA870 /* LiveApiHelper.m */ = {isa = PBXFileReference; fileEncoding = 4; lastKnownFileType = sourcecode.c.objc; path = LiveApiHelper.m; sourceTree = "<group>"; };
		6899014316939CD200EBA870 /* LiveAuthHelper.h */ = {isa = PBXFileReference; fileEncoding = 4; lastKnownFileType = sourcecode.c.h; path = LiveAuthHelper.h; sourceTree = "<group>"; };
		6899014416939CD200EBA870 /* LiveAuthHelper.m */ = {isa = PBXFileReference; fileEncoding = 4; lastKnownFileType = sourcecode.c.objc; path = LiveAuthHelper.m; sourceTree = "<group>"; };
		6899014516939CD200EBA870 /* LiveConnectionCreatorDelegate.h */ = {isa = PBXFileReference; fileEncoding = 4; lastKnownFileType = sourcecode.c.h; path = LiveConnectionCreatorDelegate.h; sourceTree = "<group>"; };
		6899014616939CD200EBA870 /* LiveConnectionHelper.h */ = {isa = PBXFileReference; fileEncoding = 4; lastKnownFileType = sourcecode.c.h; path = LiveConnectionHelper.h; sourceTree = "<group>"; };
		6899014716939CD200EBA870 /* LiveConnectionHelper.m */ = {isa = PBXFileReference; fileEncoding = 4; lastKnownFileType = sourcecode.c.objc; path = LiveConnectionHelper.m; sourceTree = "<group>"; };
		6899014816939CD200EBA870 /* StreamReader.h */ = {isa = PBXFileReference; fileEncoding = 4; lastKnownFileType = sourcecode.c.h; path = StreamReader.h; sourceTree = "<group>"; };
		6899014916939CD200EBA870 /* StreamReader.m */ = {isa = PBXFileReference; fileEncoding = 4; lastKnownFileType = sourcecode.c.objc; path = StreamReader.m; sourceTree = "<group>"; };
		6899014A16939CD200EBA870 /* StringHelper.h */ = {isa = PBXFileReference; fileEncoding = 4; lastKnownFileType = sourcecode.c.h; path = StringHelper.h; sourceTree = "<group>"; };
		6899014B16939CD200EBA870 /* StringHelper.m */ = {isa = PBXFileReference; fileEncoding = 4; lastKnownFileType = sourcecode.c.objc; path = StringHelper.m; sourceTree = "<group>"; };
		6899014C16939CD200EBA870 /* UrlHelper.h */ = {isa = PBXFileReference; fileEncoding = 4; lastKnownFileType = sourcecode.c.h; path = UrlHelper.h; sourceTree = "<group>"; };
		6899014D16939CD200EBA870 /* UrlHelper.m */ = {isa = PBXFileReference; fileEncoding = 4; lastKnownFileType = sourcecode.c.objc; path = UrlHelper.m; sourceTree = "<group>"; };
		6899014E16939CD200EBA870 /* LiveAuthDialog.h */ = {isa = PBXFileReference; fileEncoding = 4; lastKnownFileType = sourcecode.c.h; path = LiveAuthDialog.h; sourceTree = "<group>"; };
		6899014F16939CD200EBA870 /* LiveAuthDialog.m */ = {isa = PBXFileReference; fileEncoding = 4; lastKnownFileType = sourcecode.c.objc; path = LiveAuthDialog.m; sourceTree = "<group>"; };
		6899015016939CD200EBA870 /* LiveAuthDialog_iPad.xib */ = {isa = PBXFileReference; fileEncoding = 4; lastKnownFileType = file.xib; path = LiveAuthDialog_iPad.xib; sourceTree = "<group>"; };
		6899015116939CD200EBA870 /* LiveAuthDialog_iPhone.xib */ = {isa = PBXFileReference; fileEncoding = 4; lastKnownFileType = file.xib; path = LiveAuthDialog_iPhone.xib; sourceTree = "<group>"; };
		6899015216939CD200EBA870 /* LiveAuthDialogDelegate.h */ = {isa = PBXFileReference; fileEncoding = 4; lastKnownFileType = sourcecode.c.h; path = LiveAuthDialogDelegate.h; sourceTree = "<group>"; };
		6899015316939CD200EBA870 /* LiveAuthRefreshRequest.h */ = {isa = PBXFileReference; fileEncoding = 4; lastKnownFileType = sourcecode.c.h; path = LiveAuthRefreshRequest.h; sourceTree = "<group>"; };
		6899015416939CD200EBA870 /* LiveAuthRefreshRequest.m */ = {isa = PBXFileReference; fileEncoding = 4; lastKnownFileType = sourcecode.c.objc; path = LiveAuthRefreshRequest.m; sourceTree = "<group>"; };
		6899015516939CD200EBA870 /* LiveAuthRequest.h */ = {isa = PBXFileReference; fileEncoding = 4; lastKnownFileType = sourcecode.c.h; path = LiveAuthRequest.h; sourceTree = "<group>"; };
		6899015616939CD200EBA870 /* LiveAuthRequest.m */ = {isa = PBXFileReference; fileEncoding = 4; lastKnownFileType = sourcecode.c.objc; path = LiveAuthRequest.m; sourceTree = "<group>"; };
		6899015716939CD200EBA870 /* LiveAuthStorage.h */ = {isa = PBXFileReference; fileEncoding = 4; lastKnownFileType = sourcecode.c.h; path = LiveAuthStorage.h; sourceTree = "<group>"; };
		6899015816939CD200EBA870 /* LiveAuthStorage.m */ = {isa = PBXFileReference; fileEncoding = 4; lastKnownFileType = sourcecode.c.objc; path = LiveAuthStorage.m; sourceTree = "<group>"; };
		6899015916939CD200EBA870 /* LiveConnectClientCore.h */ = {isa = PBXFileReference; fileEncoding = 4; lastKnownFileType = sourcecode.c.h; path = LiveConnectClientCore.h; sourceTree = "<group>"; };
		6899015A16939CD200EBA870 /* LiveConnectClientCore.m */ = {isa = PBXFileReference; fileEncoding = 4; lastKnownFileType = sourcecode.c.objc; path = LiveConnectClientCore.m; sourceTree = "<group>"; };
		6899015B16939CD200EBA870 /* LiveConstants.h */ = {isa = PBXFileReference; fileEncoding = 4; lastKnownFileType = sourcecode.c.h; path = LiveConstants.h; sourceTree = "<group>"; };
		6899015C16939CD200EBA870 /* LiveDownloadOperationCore.h */ = {isa = PBXFileReference; fileEncoding = 4; lastKnownFileType = sourcecode.c.h; path = LiveDownloadOperationCore.h; sourceTree = "<group>"; };
		6899015D16939CD200EBA870 /* LiveDownloadOperationCore.m */ = {isa = PBXFileReference; fileEncoding = 4; lastKnownFileType = sourcecode.c.objc; path = LiveDownloadOperationCore.m; sourceTree = "<group>"; };
		6899015E16939CD200EBA870 /* LiveDownloadOperationInternal.h */ = {isa = PBXFileReference; fileEncoding = 4; lastKnownFileType = sourcecode.c.h; path = LiveDownloadOperationInternal.h; sourceTree = "<group>"; };
		6899015F16939CD200EBA870 /* LiveOperationCore.h */ = {isa = PBXFileReference; fileEncoding = 4; lastKnownFileType = sourcecode.c.h; path = LiveOperationCore.h; sourceTree = "<group>"; };
		6899016016939CD200EBA870 /* LiveOperationCore.m */ = {isa = PBXFileReference; fileEncoding = 4; lastKnownFileType = sourcecode.c.objc; path = LiveOperationCore.m; sourceTree = "<group>"; };
		6899016116939CD200EBA870 /* LiveOperationInternal.h */ = {isa = PBXFileReference; fileEncoding = 4; lastKnownFileType = sourcecode.c.h; path = LiveOperationInternal.h; sourceTree = "<group>"; };
		6899016216939CD200EBA870 /* LiveUploadOperationCore.h */ = {isa = PBXFileReference; fileEncoding = 4; lastKnownFileType = sourcecode.c.h; path = LiveUploadOperationCore.h; sourceTree = "<group>"; };
		6899016316939CD200EBA870 /* LiveUploadOperationCore.m */ = {isa = PBXFileReference; fileEncoding = 4; lastKnownFileType = sourcecode.c.objc; path = LiveUploadOperationCore.m; sourceTree = "<group>"; };
		6899016516939CD200EBA870 /* backArrow_black.png */ = {isa = PBXFileReference; lastKnownFileType = image.png; path = backArrow_black.png; sourceTree = "<group>"; };
		6899016716939CD200EBA870 /* LiveAuthDelegate.h */ = {isa = PBXFileReference; fileEncoding = 4; lastKnownFileType = sourcecode.c.h; path = LiveAuthDelegate.h; sourceTree = "<group>"; };
		6899016816939CD200EBA870 /* LiveConnectClient.h */ = {isa = PBXFileReference; fileEncoding = 4; lastKnownFileType = sourcecode.c.h; path = LiveConnectClient.h; sourceTree = "<group>"; };
		6899016916939CD200EBA870 /* LiveConnectClient.m */ = {isa = PBXFileReference; fileEncoding = 4; lastKnownFileType = sourcecode.c.objc; path = LiveConnectClient.m; sourceTree = "<group>"; };
		6899016A16939CD200EBA870 /* LiveConnectSession.h */ = {isa = PBXFileReference; fileEncoding = 4; lastKnownFileType = sourcecode.c.h; path = LiveConnectSession.h; sourceTree = "<group>"; };
		6899016B16939CD200EBA870 /* LiveConnectSession.m */ = {isa = PBXFileReference; fileEncoding = 4; lastKnownFileType = sourcecode.c.objc; path = LiveConnectSession.m; sourceTree = "<group>"; };
		6899016C16939CD200EBA870 /* LiveConnectSessionStatus.h */ = {isa = PBXFileReference; fileEncoding = 4; lastKnownFileType = sourcecode.c.h; path = LiveConnectSessionStatus.h; sourceTree = "<group>"; };
		6899016D16939CD200EBA870 /* LiveDownloadOperation.h */ = {isa = PBXFileReference; fileEncoding = 4; lastKnownFileType = sourcecode.c.h; path = LiveDownloadOperation.h; sourceTree = "<group>"; };
		6899016E16939CD200EBA870 /* LiveDownloadOperation.m */ = {isa = PBXFileReference; fileEncoding = 4; lastKnownFileType = sourcecode.c.objc; path = LiveDownloadOperation.m; sourceTree = "<group>"; };
		6899016F16939CD200EBA870 /* LiveDownloadOperationDelegate.h */ = {isa = PBXFileReference; fileEncoding = 4; lastKnownFileType = sourcecode.c.h; path = LiveDownloadOperationDelegate.h; sourceTree = "<group>"; };
		6899017016939CD200EBA870 /* LiveOperation.h */ = {isa = PBXFileReference; fileEncoding = 4; lastKnownFileType = sourcecode.c.h; path = LiveOperation.h; sourceTree = "<group>"; };
		6899017116939CD200EBA870 /* LiveOperation.m */ = {isa = PBXFileReference; fileEncoding = 4; lastKnownFileType = sourcecode.c.objc; path = LiveOperation.m; sourceTree = "<group>"; };
		6899017216939CD200EBA870 /* LiveOperationDelegate.h */ = {isa = PBXFileReference; fileEncoding = 4; lastKnownFileType = sourcecode.c.h; path = LiveOperationDelegate.h; sourceTree = "<group>"; };
		6899017316939CD200EBA870 /* LiveOperationProgress.h */ = {isa = PBXFileReference; fileEncoding = 4; lastKnownFileType = sourcecode.c.h; path = LiveOperationProgress.h; sourceTree = "<group>"; };
		6899017416939CD200EBA870 /* LiveOperationProgress.m */ = {isa = PBXFileReference; fileEncoding = 4; lastKnownFileType = sourcecode.c.objc; path = LiveOperationProgress.m; sourceTree = "<group>"; };
		6899017516939CD200EBA870 /* LiveUploadOperationDelegate.h */ = {isa = PBXFileReference; fileEncoding = 4; lastKnownFileType = sourcecode.c.h; path = LiveUploadOperationDelegate.h; sourceTree = "<group>"; };
		6899017616939CD200EBA870 /* LiveUploadOverwriteOption.h */ = {isa = PBXFileReference; fileEncoding = 4; lastKnownFileType = sourcecode.c.h; path = LiveUploadOverwriteOption.h; sourceTree = "<group>"; };
		689901AC1693A11200EBA870 /* FSSkyDrivePath.h */ = {isa = PBXFileReference; fileEncoding = 4; lastKnownFileType = sourcecode.c.h; path = FSSkyDrivePath.h; sourceTree = "<group>"; };
		689901AD1693A11200EBA870 /* FSSkyDrivePath.m */ = {isa = PBXFileReference; fileEncoding = 4; lastKnownFileType = sourcecode.c.objc; path = FSSkyDrivePath.m; sourceTree = "<group>"; };
		689901B01693B14300EBA870 /* FSSkyDriveOperation.h */ = {isa = PBXFileReference; fileEncoding = 4; lastKnownFileType = sourcecode.c.h; path = FSSkyDriveOperation.h; sourceTree = "<group>"; };
		689901B11693B14300EBA870 /* FSSkyDriveOperation.m */ = {isa = PBXFileReference; fileEncoding = 4; lastKnownFileType = sourcecode.c.objc; path = FSSkyDriveOperation.m; sourceTree = "<group>"; };
/* End PBXFileReference section */

/* Begin PBXFrameworksBuildPhase section */
		6823B45C1692A9B5001009BC /* Frameworks */ = {
			isa = PBXFrameworksBuildPhase;
			buildActionMask = 2147483647;
			files = (
				6823B4631692A9B5001009BC /* Foundation.framework in Frameworks */,
				68812E16169354680078BA60 /* DropboxSDK.framework in Frameworks */,
				68812E18169354750078BA60 /* QuartzCore.framework in Frameworks */,
				68812E1A1693547A0078BA60 /* Security.framework in Frameworks */,
				68812E1D169354D70078BA60 /* UIKit.framework in Frameworks */,
			);
			runOnlyForDeploymentPostprocessing = 0;
		};
/* End PBXFrameworksBuildPhase section */

/* Begin PBXGroup section */
		6823B4541692A9B5001009BC = {
			isa = PBXGroup;
			children = (
				6899013A16939CD200EBA870 /* LiveSDK */,
				6823B4641692A9B5001009BC /* FSFileSystem */,
				6823B4611692A9B5001009BC /* Frameworks */,
				6823B4601692A9B5001009BC /* Products */,
			);
			sourceTree = "<group>";
		};
		6823B4601692A9B5001009BC /* Products */ = {
			isa = PBXGroup;
			children = (
				6823B45F1692A9B5001009BC /* libFSFileSystem.a */,
			);
			name = Products;
			sourceTree = "<group>";
		};
		6823B4611692A9B5001009BC /* Frameworks */ = {
			isa = PBXGroup;
			children = (
				6823B4621692A9B5001009BC /* Foundation.framework */,
				68812E15169354680078BA60 /* DropboxSDK.framework */,
				68812E17169354750078BA60 /* QuartzCore.framework */,
				68812E191693547A0078BA60 /* Security.framework */,
				68812E1B169354C80078BA60 /* UIKit.framework */,
			);
			name = Frameworks;
			sourceTree = "<group>";
		};
		6823B4641692A9B5001009BC /* FSFileSystem */ = {
			isa = PBXGroup;
			children = (
				68812E1E169355C40078BA60 /* FSFileSystemSDK.h */,
				68812DF5169353E20078BA60 /* FSFileSystem.h */,
				68812DF6169353E20078BA60 /* FSFileSystem.m */,
				68812DF7169353E20078BA60 /* FSPath.h */,
				68812DF8169353E20078BA60 /* FSPath.m */,
				68812DFC169353F10078BA60 /* Dropbox */,
				68812E01169353F10078BA60 /* GoogleDrive */,
				68812E04169353F10078BA60 /* Local */,
				68812E09169353F10078BA60 /* SkyDrive */,
				6823B4651692A9B5001009BC /* Supporting Files */,
			);
			path = FSFileSystem;
			sourceTree = "<group>";
		};
		6823B4651692A9B5001009BC /* Supporting Files */ = {
			isa = PBXGroup;
			children = (
				6823B4661692A9B5001009BC /* FSFileSystem-Prefix.pch */,
			);
			name = "Supporting Files";
			sourceTree = "<group>";
		};
		68812DFC169353F10078BA60 /* Dropbox */ = {
			isa = PBXGroup;
			children = (
				68990086169398EC00EBA870 /* FSDropboxClient.h */,
				68990087169398EC00EBA870 /* FSDropboxClient.m */,
				68812DFD169353F10078BA60 /* FSDropboxFileSystem.h */,
				68812DFE169353F10078BA60 /* FSDropboxFileSystem.m */,
				68812DFF169353F10078BA60 /* FSDropboxPath.h */,
				68812E00169353F10078BA60 /* FSDropboxPath.m */,
			);
			path = Dropbox;
			sourceTree = "<group>";
		};
		68812E01169353F10078BA60 /* GoogleDrive */ = {
			isa = PBXGroup;
			children = (
				68812E02169353F10078BA60 /* FSGoogleDriveFileSystem.h */,
				68812E03169353F10078BA60 /* FSGoogleDriveFileSystem.m */,
			);
			path = GoogleDrive;
			sourceTree = "<group>";
		};
		68812E04169353F10078BA60 /* Local */ = {
			isa = PBXGroup;
			children = (
				68812E05169353F10078BA60 /* FSLocalFileSystem.h */,
				68812E06169353F10078BA60 /* FSLocalFileSystem.m */,
				68812E07169353F10078BA60 /* FSLocalPath.h */,
				68812E08169353F10078BA60 /* FSLocalPath.m */,
			);
			path = Local;
			sourceTree = "<group>";
		};
		68812E09169353F10078BA60 /* SkyDrive */ = {
			isa = PBXGroup;
			children = (
				68812E0A169353F10078BA60 /* FSSkyDriveFileSystem.h */,
				68812E0B169353F10078BA60 /* FSSkyDriveFileSystem.m */,
				689901AC1693A11200EBA870 /* FSSkyDrivePath.h */,
				689901AD1693A11200EBA870 /* FSSkyDrivePath.m */,
				689901B01693B14300EBA870 /* FSSkyDriveOperation.h */,
				689901B11693B14300EBA870 /* FSSkyDriveOperation.m */,
			);
			path = SkyDrive;
			sourceTree = "<group>";
		};
		6899013A16939CD200EBA870 /* LiveSDK */ = {
			isa = PBXGroup;
			children = (
				6899013B16939CD200EBA870 /* Internal */,
				6899016616939CD200EBA870 /* Public */,
			);
			path = LiveSDK;
			sourceTree = "<group>";
		};
		6899013B16939CD200EBA870 /* Internal */ = {
			isa = PBXGroup;
			children = (
				6899013C16939CD200EBA870 /* Helpers */,
				6899014E16939CD200EBA870 /* LiveAuthDialog.h */,
				6899014F16939CD200EBA870 /* LiveAuthDialog.m */,
				6899015016939CD200EBA870 /* LiveAuthDialog_iPad.xib */,
				6899015116939CD200EBA870 /* LiveAuthDialog_iPhone.xib */,
				6899015216939CD200EBA870 /* LiveAuthDialogDelegate.h */,
				6899015316939CD200EBA870 /* LiveAuthRefreshRequest.h */,
				6899015416939CD200EBA870 /* LiveAuthRefreshRequest.m */,
				6899015516939CD200EBA870 /* LiveAuthRequest.h */,
				6899015616939CD200EBA870 /* LiveAuthRequest.m */,
				6899015716939CD200EBA870 /* LiveAuthStorage.h */,
				6899015816939CD200EBA870 /* LiveAuthStorage.m */,
				6899015916939CD200EBA870 /* LiveConnectClientCore.h */,
				6899015A16939CD200EBA870 /* LiveConnectClientCore.m */,
				6899015B16939CD200EBA870 /* LiveConstants.h */,
				6899015C16939CD200EBA870 /* LiveDownloadOperationCore.h */,
				6899015D16939CD200EBA870 /* LiveDownloadOperationCore.m */,
				6899015E16939CD200EBA870 /* LiveDownloadOperationInternal.h */,
				6899015F16939CD200EBA870 /* LiveOperationCore.h */,
				6899016016939CD200EBA870 /* LiveOperationCore.m */,
				6899016116939CD200EBA870 /* LiveOperationInternal.h */,
				6899016216939CD200EBA870 /* LiveUploadOperationCore.h */,
				6899016316939CD200EBA870 /* LiveUploadOperationCore.m */,
				6899016416939CD200EBA870 /* Resources */,
			);
			path = Internal;
			sourceTree = "<group>";
		};
		6899013C16939CD200EBA870 /* Helpers */ = {
			isa = PBXGroup;
			children = (
				6899013D16939CD200EBA870 /* JsonParser.h */,
				6899013E16939CD200EBA870 /* JsonParser.m */,
				6899013F16939CD200EBA870 /* JsonWriter.h */,
				6899014016939CD200EBA870 /* JsonWriter.m */,
				6899014116939CD200EBA870 /* LiveApiHelper.h */,
				6899014216939CD200EBA870 /* LiveApiHelper.m */,
				6899014316939CD200EBA870 /* LiveAuthHelper.h */,
				6899014416939CD200EBA870 /* LiveAuthHelper.m */,
				6899014516939CD200EBA870 /* LiveConnectionCreatorDelegate.h */,
				6899014616939CD200EBA870 /* LiveConnectionHelper.h */,
				6899014716939CD200EBA870 /* LiveConnectionHelper.m */,
				6899014816939CD200EBA870 /* StreamReader.h */,
				6899014916939CD200EBA870 /* StreamReader.m */,
				6899014A16939CD200EBA870 /* StringHelper.h */,
				6899014B16939CD200EBA870 /* StringHelper.m */,
				6899014C16939CD200EBA870 /* UrlHelper.h */,
				6899014D16939CD200EBA870 /* UrlHelper.m */,
			);
			path = Helpers;
			sourceTree = "<group>";
		};
		6899016416939CD200EBA870 /* Resources */ = {
			isa = PBXGroup;
			children = (
				6899016516939CD200EBA870 /* backArrow_black.png */,
			);
			path = Resources;
			sourceTree = "<group>";
		};
		6899016616939CD200EBA870 /* Public */ = {
			isa = PBXGroup;
			children = (
				6899016716939CD200EBA870 /* LiveAuthDelegate.h */,
				6899016816939CD200EBA870 /* LiveConnectClient.h */,
				6899016916939CD200EBA870 /* LiveConnectClient.m */,
				6899016A16939CD200EBA870 /* LiveConnectSession.h */,
				6899016B16939CD200EBA870 /* LiveConnectSession.m */,
				6899016C16939CD200EBA870 /* LiveConnectSessionStatus.h */,
				6899016D16939CD200EBA870 /* LiveDownloadOperation.h */,
				6899016E16939CD200EBA870 /* LiveDownloadOperation.m */,
				6899016F16939CD200EBA870 /* LiveDownloadOperationDelegate.h */,
				6899017016939CD200EBA870 /* LiveOperation.h */,
				6899017116939CD200EBA870 /* LiveOperation.m */,
				6899017216939CD200EBA870 /* LiveOperationDelegate.h */,
				6899017316939CD200EBA870 /* LiveOperationProgress.h */,
				6899017416939CD200EBA870 /* LiveOperationProgress.m */,
				6899017516939CD200EBA870 /* LiveUploadOperationDelegate.h */,
				6899017616939CD200EBA870 /* LiveUploadOverwriteOption.h */,
			);
			path = Public;
			sourceTree = "<group>";
		};
/* End PBXGroup section */

/* Begin PBXHeadersBuildPhase section */
		68812E23169357230078BA60 /* Headers */ = {
			isa = PBXHeadersBuildPhase;
			buildActionMask = 2147483647;
			files = (
				68812E24169357320078BA60 /* FSFileSystemSDK.h in Headers */,
				68812E25169357320078BA60 /* FSFileSystem.h in Headers */,
				68812E26169357320078BA60 /* FSPath.h in Headers */,
				68812E27169357430078BA60 /* FSDropboxFileSystem.h in Headers */,
				68812E28169357430078BA60 /* FSDropboxPath.h in Headers */,
				68812E29169357430078BA60 /* FSGoogleDriveFileSystem.h in Headers */,
				68812E2A169357430078BA60 /* FSLocalFileSystem.h in Headers */,
				68812E2B169357430078BA60 /* FSLocalPath.h in Headers */,
				68812E2C169357430078BA60 /* FSSkyDriveFileSystem.h in Headers */,
				68990088169398EC00EBA870 /* FSDropboxClient.h in Headers */,
				6899017716939CD200EBA870 /* JsonParser.h in Headers */,
				6899017916939CD200EBA870 /* JsonWriter.h in Headers */,
				6899017B16939CD200EBA870 /* LiveApiHelper.h in Headers */,
				6899017D16939CD200EBA870 /* LiveAuthHelper.h in Headers */,
				6899017F16939CD200EBA870 /* LiveConnectionCreatorDelegate.h in Headers */,
				6899018016939CD200EBA870 /* LiveConnectionHelper.h in Headers */,
				6899018216939CD200EBA870 /* StreamReader.h in Headers */,
				6899018416939CD200EBA870 /* StringHelper.h in Headers */,
				6899018616939CD200EBA870 /* UrlHelper.h in Headers */,
				6899018816939CD200EBA870 /* LiveAuthDialog.h in Headers */,
				6899018A16939CD200EBA870 /* LiveAuthDialogDelegate.h in Headers */,
				6899018B16939CD200EBA870 /* LiveAuthRefreshRequest.h in Headers */,
				6899018D16939CD200EBA870 /* LiveAuthRequest.h in Headers */,
				6899018F16939CD200EBA870 /* LiveAuthStorage.h in Headers */,
				6899019116939CD200EBA870 /* LiveConnectClientCore.h in Headers */,
				6899019316939CD200EBA870 /* LiveConstants.h in Headers */,
				6899019416939CD200EBA870 /* LiveDownloadOperationCore.h in Headers */,
				6899019616939CD200EBA870 /* LiveDownloadOperationInternal.h in Headers */,
				6899019716939CD200EBA870 /* LiveOperationCore.h in Headers */,
				6899019916939CD200EBA870 /* LiveOperationInternal.h in Headers */,
				6899019A16939CD200EBA870 /* LiveUploadOperationCore.h in Headers */,
				6899019C16939CD200EBA870 /* LiveAuthDelegate.h in Headers */,
				6899019D16939CD200EBA870 /* LiveConnectClient.h in Headers */,
				6899019F16939CD200EBA870 /* LiveConnectSession.h in Headers */,
				689901A116939CD200EBA870 /* LiveConnectSessionStatus.h in Headers */,
				689901A216939CD200EBA870 /* LiveDownloadOperation.h in Headers */,
				689901A416939CD200EBA870 /* LiveDownloadOperationDelegate.h in Headers */,
				689901A516939CD200EBA870 /* LiveOperation.h in Headers */,
				689901A716939CD200EBA870 /* LiveOperationDelegate.h in Headers */,
				689901A816939CD200EBA870 /* LiveOperationProgress.h in Headers */,
				689901AA16939CD200EBA870 /* LiveUploadOperationDelegate.h in Headers */,
				689901AB16939CD200EBA870 /* LiveUploadOverwriteOption.h in Headers */,
				689901AE1693A11200EBA870 /* FSSkyDrivePath.h in Headers */,
				689901B21693B14300EBA870 /* FSSkyDriveOperation.h in Headers */,
			);
			runOnlyForDeploymentPostprocessing = 0;
		};
/* End PBXHeadersBuildPhase section */

/* Begin PBXNativeTarget section */
		6823B45E1692A9B5001009BC /* FSFileSystem */ = {
			isa = PBXNativeTarget;
			buildConfigurationList = 6823B46D1692A9B5001009BC /* Build configuration list for PBXNativeTarget "FSFileSystem" */;
			buildPhases = (
				6823B45B1692A9B5001009BC /* Sources */,
				6823B45C1692A9B5001009BC /* Frameworks */,
				6823B45D1692A9B5001009BC /* CopyFiles */,
				68812E23169357230078BA60 /* Headers */,
			);
			buildRules = (
			);
			dependencies = (
			);
			name = FSFileSystem;
			productName = FSFileSystem;
			productReference = 6823B45F1692A9B5001009BC /* libFSFileSystem.a */;
			productType = "com.apple.product-type.library.static";
		};
/* End PBXNativeTarget section */

/* Begin PBXProject section */
		6823B4561692A9B5001009BC /* Project object */ = {
			isa = PBXProject;
			attributes = {
				LastUpgradeCheck = 0450;
				ORGANIZATIONNAME = "Flush Software LLC";
			};
			buildConfigurationList = 6823B4591692A9B5001009BC /* Build configuration list for PBXProject "FSFileSystem" */;
			compatibilityVersion = "Xcode 3.2";
			developmentRegion = English;
			hasScannedForEncodings = 0;
			knownRegions = (
				en,
			);
			mainGroup = 6823B4541692A9B5001009BC;
			productRefGroup = 6823B4601692A9B5001009BC /* Products */;
			projectDirPath = "";
			projectRoot = "";
			targets = (
				6823B45E1692A9B5001009BC /* FSFileSystem */,
			);
		};
/* End PBXProject section */

/* Begin PBXSourcesBuildPhase section */
		6823B45B1692A9B5001009BC /* Sources */ = {
			isa = PBXSourcesBuildPhase;
			buildActionMask = 2147483647;
			files = (
				68812DF9169353E20078BA60 /* FSFileSystem.m in Sources */,
				68812DFA169353E20078BA60 /* FSPath.m in Sources */,
				68812E0C169353F10078BA60 /* FSDropboxFileSystem.m in Sources */,
				68812E0D169353F10078BA60 /* FSDropboxPath.m in Sources */,
				68812E0E169353F10078BA60 /* FSGoogleDriveFileSystem.m in Sources */,
				68812E0F169353F10078BA60 /* FSLocalFileSystem.m in Sources */,
				68812E10169353F10078BA60 /* FSLocalPath.m in Sources */,
				68812E11169353F10078BA60 /* FSSkyDriveFileSystem.m in Sources */,
				68990089169398EC00EBA870 /* FSDropboxClient.m in Sources */,
				6899017816939CD200EBA870 /* JsonParser.m in Sources */,
				6899017A16939CD200EBA870 /* JsonWriter.m in Sources */,
				6899017C16939CD200EBA870 /* LiveApiHelper.m in Sources */,
				6899017E16939CD200EBA870 /* LiveAuthHelper.m in Sources */,
				6899018116939CD200EBA870 /* LiveConnectionHelper.m in Sources */,
				6899018316939CD200EBA870 /* StreamReader.m in Sources */,
				6899018516939CD200EBA870 /* StringHelper.m in Sources */,
				6899018716939CD200EBA870 /* UrlHelper.m in Sources */,
				6899018916939CD200EBA870 /* LiveAuthDialog.m in Sources */,
				6899018C16939CD200EBA870 /* LiveAuthRefreshRequest.m in Sources */,
				6899018E16939CD200EBA870 /* LiveAuthRequest.m in Sources */,
				6899019016939CD200EBA870 /* LiveAuthStorage.m in Sources */,
				6899019216939CD200EBA870 /* LiveConnectClientCore.m in Sources */,
				6899019516939CD200EBA870 /* LiveDownloadOperationCore.m in Sources */,
				6899019816939CD200EBA870 /* LiveOperationCore.m in Sources */,
				6899019B16939CD200EBA870 /* LiveUploadOperationCore.m in Sources */,
				6899019E16939CD200EBA870 /* LiveConnectClient.m in Sources */,
				689901A016939CD200EBA870 /* LiveConnectSession.m in Sources */,
				689901A316939CD200EBA870 /* LiveDownloadOperation.m in Sources */,
				689901A616939CD200EBA870 /* LiveOperation.m in Sources */,
				689901A916939CD200EBA870 /* LiveOperationProgress.m in Sources */,
				689901AF1693A11200EBA870 /* FSSkyDrivePath.m in Sources */,
				689901B31693B14300EBA870 /* FSSkyDriveOperation.m in Sources */,
			);
			runOnlyForDeploymentPostprocessing = 0;
		};
/* End PBXSourcesBuildPhase section */

/* Begin XCBuildConfiguration section */
		6823B46B1692A9B5001009BC /* Debug */ = {
			isa = XCBuildConfiguration;
			buildSettings = {
				ALWAYS_SEARCH_USER_PATHS = NO;
				CLANG_CXX_LANGUAGE_STANDARD = "gnu++0x";
				CLANG_CXX_LIBRARY = "libc++";
				CLANG_WARN_EMPTY_BODY = YES;
				CLANG_WARN__DUPLICATE_METHOD_MATCH = YES;
				COPY_PHASE_STRIP = NO;
				GCC_C_LANGUAGE_STANDARD = gnu99;
				GCC_DYNAMIC_NO_PIC = NO;
				GCC_OPTIMIZATION_LEVEL = 0;
				GCC_PREPROCESSOR_DEFINITIONS = (
					"DEBUG=1",
					"$(inherited)",
				);
				GCC_SYMBOLS_PRIVATE_EXTERN = NO;
				GCC_WARN_ABOUT_RETURN_TYPE = YES;
				GCC_WARN_UNINITIALIZED_AUTOS = YES;
				GCC_WARN_UNUSED_VARIABLE = YES;
				IPHONEOS_DEPLOYMENT_TARGET = 6.0;
				ONLY_ACTIVE_ARCH = YES;
				SDKROOT = iphoneos;
			};
			name = Debug;
		};
		6823B46C1692A9B5001009BC /* Release */ = {
			isa = XCBuildConfiguration;
			buildSettings = {
				ALWAYS_SEARCH_USER_PATHS = NO;
				CLANG_CXX_LANGUAGE_STANDARD = "gnu++0x";
				CLANG_CXX_LIBRARY = "libc++";
				CLANG_WARN_EMPTY_BODY = YES;
				CLANG_WARN__DUPLICATE_METHOD_MATCH = YES;
				COPY_PHASE_STRIP = YES;
				GCC_C_LANGUAGE_STANDARD = gnu99;
				GCC_WARN_ABOUT_RETURN_TYPE = YES;
				GCC_WARN_UNINITIALIZED_AUTOS = YES;
				GCC_WARN_UNUSED_VARIABLE = YES;
				IPHONEOS_DEPLOYMENT_TARGET = 6.0;
				SDKROOT = iphoneos;
				VALIDATE_PRODUCT = YES;
			};
			name = Release;
		};
		6823B46E1692A9B5001009BC /* Debug */ = {
			isa = XCBuildConfiguration;
			buildSettings = {
				DSTROOT = /tmp/FSFileSystem.dst;
				FRAMEWORK_SEARCH_PATHS = (
					"$(inherited)",
					"\"$(SRCROOT)\"",
				);
				GCC_PRECOMPILE_PREFIX_HEADER = YES;
				GCC_PREFIX_HEADER = "FSFileSystem/FSFileSystem-Prefix.pch";
				OTHER_LDFLAGS = "-ObjC";
				PRODUCT_NAME = "$(TARGET_NAME)";
				SKIP_INSTALL = YES;
			};
			name = Debug;
		};
		6823B46F1692A9B5001009BC /* Release */ = {
			isa = XCBuildConfiguration;
			buildSettings = {
				DSTROOT = /tmp/FSFileSystem.dst;
				FRAMEWORK_SEARCH_PATHS = (
					"$(inherited)",
					"\"$(SRCROOT)\"",
				);
				GCC_PRECOMPILE_PREFIX_HEADER = YES;
				GCC_PREFIX_HEADER = "FSFileSystem/FSFileSystem-Prefix.pch";
				OTHER_LDFLAGS = "-ObjC";
				PRODUCT_NAME = "$(TARGET_NAME)";
				SKIP_INSTALL = YES;
			};
			name = Release;
		};
/* End XCBuildConfiguration section */

/* Begin XCConfigurationList section */
		6823B4591692A9B5001009BC /* Build configuration list for PBXProject "FSFileSystem" */ = {
			isa = XCConfigurationList;
			buildConfigurations = (
				6823B46B1692A9B5001009BC /* Debug */,
				6823B46C1692A9B5001009BC /* Release */,
			);
			defaultConfigurationIsVisible = 0;
			defaultConfigurationName = Release;
		};
		6823B46D1692A9B5001009BC /* Build configuration list for PBXNativeTarget "FSFileSystem" */ = {
			isa = XCConfigurationList;
			buildConfigurations = (
				6823B46E1692A9B5001009BC /* Debug */,
				6823B46F1692A9B5001009BC /* Release */,
			);
			defaultConfigurationIsVisible = 0;
			defaultConfigurationName = Release;
		};
/* End XCConfigurationList section */
	};
	rootObject = 6823B4561692A9B5001009BC /* Project object */;
}
